// !$*UTF8*$!
{
	archiveVersion = 1;
	classes = {
	};
	objectVersion = 55;
	objects = {

/* Begin PBXBuildFile section */
		2377C06B7AE0FF4CF3A9305C /* Pods_RandomStudy.framework in Frameworks */ = {isa = PBXBuildFile; fileRef = 778C3D6B33E71B19EA45A1DD /* Pods_RandomStudy.framework */; };
		513F9CADF12505788DC432AB /* Pods_RandomStudyTests.framework in Frameworks */ = {isa = PBXBuildFile; fileRef = A6B0D95428544FAE132975CB /* Pods_RandomStudyTests.framework */; };
		96132F9CE00E6573F3E178E6 /* Pods_RandomStudy_RandomStudyUITests.framework in Frameworks */ = {isa = PBXBuildFile; fileRef = 5736CE7A6A817FFF3298E51D /* Pods_RandomStudy_RandomStudyUITests.framework */; };
		B5142D102AB5017200C3BB07 /* AddTableViewCell.swift in Sources */ = {isa = PBXBuildFile; fileRef = B5142D0F2AB5017200C3BB07 /* AddTableViewCell.swift */; };
		B53529232AD63ED700C82383 /* check.json in Resources */ = {isa = PBXBuildFile; fileRef = B53529222AD63ED700C82383 /* check.json */; };
		B58BE0112AD607970039D232 /* TodayViewModel.swift in Sources */ = {isa = PBXBuildFile; fileRef = B58BE0102AD607970039D232 /* TodayViewModel.swift */; };
		B58D28DF2A2D830100947A24 /* AppDelegate.swift in Sources */ = {isa = PBXBuildFile; fileRef = B58D28DE2A2D830100947A24 /* AppDelegate.swift */; };
		B58D28E12A2D830100947A24 /* SceneDelegate.swift in Sources */ = {isa = PBXBuildFile; fileRef = B58D28E02A2D830100947A24 /* SceneDelegate.swift */; };
		B58D28E32A2D830100947A24 /* TodayViewController.swift in Sources */ = {isa = PBXBuildFile; fileRef = B58D28E22A2D830100947A24 /* TodayViewController.swift */; };
		B58D28E82A2D830200947A24 /* Assets.xcassets in Resources */ = {isa = PBXBuildFile; fileRef = B58D28E72A2D830200947A24 /* Assets.xcassets */; };
		B58D28EB2A2D830200947A24 /* LaunchScreen.storyboard in Resources */ = {isa = PBXBuildFile; fileRef = B58D28E92A2D830200947A24 /* LaunchScreen.storyboard */; };
		B58D28F62A2D830300947A24 /* RandomStudyTests.swift in Sources */ = {isa = PBXBuildFile; fileRef = B58D28F52A2D830300947A24 /* RandomStudyTests.swift */; };
		B58D29002A2D830300947A24 /* RandomStudyUITests.swift in Sources */ = {isa = PBXBuildFile; fileRef = B58D28FF2A2D830300947A24 /* RandomStudyUITests.swift */; };
		B58D29022A2D830300947A24 /* RandomStudyUITestsLaunchTests.swift in Sources */ = {isa = PBXBuildFile; fileRef = B58D29012A2D830300947A24 /* RandomStudyUITestsLaunchTests.swift */; };
		B59B658F2ADB3006008A60F1 /* HistoryViewController.swift in Sources */ = {isa = PBXBuildFile; fileRef = B59B658E2ADB3006008A60F1 /* HistoryViewController.swift */; };
		B59B65912ADB3483008A60F1 /* HistoryTableViewCell.swift in Sources */ = {isa = PBXBuildFile; fileRef = B59B65902ADB3483008A60F1 /* HistoryTableViewCell.swift */; };
		B5B7EB962AA4FCA0006944A8 /* AddViewController.swift in Sources */ = {isa = PBXBuildFile; fileRef = B5B7EB952AA4FCA0006944A8 /* AddViewController.swift */; };
		B5BA4B4E2AC1AC9E004D7BF9 /* AddViewModel.swift in Sources */ = {isa = PBXBuildFile; fileRef = B5BA4B4D2AC1AC9E004D7BF9 /* AddViewModel.swift */; };
		B5C126852AB3660400DBF902 /* TodayTableViewCell.swift in Sources */ = {isa = PBXBuildFile; fileRef = B5C126842AB3660400DBF902 /* TodayTableViewCell.swift */; };
		B5C126872AB4180800DBF902 /* TableViewExtensions.swift in Sources */ = {isa = PBXBuildFile; fileRef = B5C126862AB4180800DBF902 /* TableViewExtensions.swift */; };
		B5CC3B1D2AB141E700D9FA24 /* DataModel.swift in Sources */ = {isa = PBXBuildFile; fileRef = B5CC3B1C2AB141E700D9FA24 /* DataModel.swift */; };
		B5CC3B282AB2079000D9FA24 /* SettingViewController.swift in Sources */ = {isa = PBXBuildFile; fileRef = B5CC3B272AB2079000D9FA24 /* SettingViewController.swift */; };
		B5CC3B2B2AB207E500D9FA24 /* SwitchTableViewCell.swift in Sources */ = {isa = PBXBuildFile; fileRef = B5CC3B2A2AB207E500D9FA24 /* SwitchTableViewCell.swift */; };
		B5CC3B2D2AB2080300D9FA24 /* SettingTableViewCell.swift in Sources */ = {isa = PBXBuildFile; fileRef = B5CC3B2C2AB2080300D9FA24 /* SettingTableViewCell.swift */; };
/* End PBXBuildFile section */

/* Begin PBXContainerItemProxy section */
		B58D28F22A2D830300947A24 /* PBXContainerItemProxy */ = {
			isa = PBXContainerItemProxy;
			containerPortal = B58D28D32A2D830100947A24 /* Project object */;
			proxyType = 1;
			remoteGlobalIDString = B58D28DA2A2D830100947A24;
			remoteInfo = RandomStudy;
		};
		B58D28FC2A2D830300947A24 /* PBXContainerItemProxy */ = {
			isa = PBXContainerItemProxy;
			containerPortal = B58D28D32A2D830100947A24 /* Project object */;
			proxyType = 1;
			remoteGlobalIDString = B58D28DA2A2D830100947A24;
			remoteInfo = RandomStudy;
		};
/* End PBXContainerItemProxy section */

/* Begin PBXFileReference section */
		029CD4FF570328AD23323F99 /* Pods-RandomStudyTests.release.xcconfig */ = {isa = PBXFileReference; includeInIndex = 1; lastKnownFileType = text.xcconfig; name = "Pods-RandomStudyTests.release.xcconfig"; path = "Target Support Files/Pods-RandomStudyTests/Pods-RandomStudyTests.release.xcconfig"; sourceTree = "<group>"; };
		4408531D9FEB926F2697DDA5 /* Pods-RandomStudy.release.xcconfig */ = {isa = PBXFileReference; includeInIndex = 1; lastKnownFileType = text.xcconfig; name = "Pods-RandomStudy.release.xcconfig"; path = "Target Support Files/Pods-RandomStudy/Pods-RandomStudy.release.xcconfig"; sourceTree = "<group>"; };
		53EACFEEFC562445A64CB8AA /* Pods-RandomStudy-RandomStudyUITests.release.xcconfig */ = {isa = PBXFileReference; includeInIndex = 1; lastKnownFileType = text.xcconfig; name = "Pods-RandomStudy-RandomStudyUITests.release.xcconfig"; path = "Target Support Files/Pods-RandomStudy-RandomStudyUITests/Pods-RandomStudy-RandomStudyUITests.release.xcconfig"; sourceTree = "<group>"; };
		5736CE7A6A817FFF3298E51D /* Pods_RandomStudy_RandomStudyUITests.framework */ = {isa = PBXFileReference; explicitFileType = wrapper.framework; includeInIndex = 0; path = Pods_RandomStudy_RandomStudyUITests.framework; sourceTree = BUILT_PRODUCTS_DIR; };
		6FB8FEED1190CE5C3A1400D2 /* Pods-RandomStudy.debug.xcconfig */ = {isa = PBXFileReference; includeInIndex = 1; lastKnownFileType = text.xcconfig; name = "Pods-RandomStudy.debug.xcconfig"; path = "Target Support Files/Pods-RandomStudy/Pods-RandomStudy.debug.xcconfig"; sourceTree = "<group>"; };
		778C3D6B33E71B19EA45A1DD /* Pods_RandomStudy.framework */ = {isa = PBXFileReference; explicitFileType = wrapper.framework; includeInIndex = 0; path = Pods_RandomStudy.framework; sourceTree = BUILT_PRODUCTS_DIR; };
		839648DEB82B2A9924B21F46 /* Pods-RandomStudyTests.debug.xcconfig */ = {isa = PBXFileReference; includeInIndex = 1; lastKnownFileType = text.xcconfig; name = "Pods-RandomStudyTests.debug.xcconfig"; path = "Target Support Files/Pods-RandomStudyTests/Pods-RandomStudyTests.debug.xcconfig"; sourceTree = "<group>"; };
		A2C86832494A7A42012FCEE3 /* Pods-RandomStudy-RandomStudyUITests.debug.xcconfig */ = {isa = PBXFileReference; includeInIndex = 1; lastKnownFileType = text.xcconfig; name = "Pods-RandomStudy-RandomStudyUITests.debug.xcconfig"; path = "Target Support Files/Pods-RandomStudy-RandomStudyUITests/Pods-RandomStudy-RandomStudyUITests.debug.xcconfig"; sourceTree = "<group>"; };
		A6B0D95428544FAE132975CB /* Pods_RandomStudyTests.framework */ = {isa = PBXFileReference; explicitFileType = wrapper.framework; includeInIndex = 0; path = Pods_RandomStudyTests.framework; sourceTree = BUILT_PRODUCTS_DIR; };
		B5142D0F2AB5017200C3BB07 /* AddTableViewCell.swift */ = {isa = PBXFileReference; lastKnownFileType = sourcecode.swift; path = AddTableViewCell.swift; sourceTree = "<group>"; };
		B53529222AD63ED700C82383 /* check.json */ = {isa = PBXFileReference; fileEncoding = 4; lastKnownFileType = text.json; path = check.json; sourceTree = "<group>"; };
		B58BE0102AD607970039D232 /* TodayViewModel.swift */ = {isa = PBXFileReference; lastKnownFileType = sourcecode.swift; path = TodayViewModel.swift; sourceTree = "<group>"; };
		B58D28DB2A2D830100947A24 /* RandomStudy.app */ = {isa = PBXFileReference; explicitFileType = wrapper.application; includeInIndex = 0; path = RandomStudy.app; sourceTree = BUILT_PRODUCTS_DIR; };
		B58D28DE2A2D830100947A24 /* AppDelegate.swift */ = {isa = PBXFileReference; lastKnownFileType = sourcecode.swift; path = AppDelegate.swift; sourceTree = "<group>"; };
		B58D28E02A2D830100947A24 /* SceneDelegate.swift */ = {isa = PBXFileReference; lastKnownFileType = sourcecode.swift; path = SceneDelegate.swift; sourceTree = "<group>"; };
		B58D28E22A2D830100947A24 /* TodayViewController.swift */ = {isa = PBXFileReference; lastKnownFileType = sourcecode.swift; path = TodayViewController.swift; sourceTree = "<group>"; };
		B58D28E72A2D830200947A24 /* Assets.xcassets */ = {isa = PBXFileReference; lastKnownFileType = folder.assetcatalog; path = Assets.xcassets; sourceTree = "<group>"; };
		B58D28EA2A2D830200947A24 /* Base */ = {isa = PBXFileReference; lastKnownFileType = file.storyboard; name = Base; path = Base.lproj/LaunchScreen.storyboard; sourceTree = "<group>"; };
		B58D28EC2A2D830200947A24 /* Info.plist */ = {isa = PBXFileReference; lastKnownFileType = text.plist.xml; path = Info.plist; sourceTree = "<group>"; };
		B58D28F12A2D830300947A24 /* RandomStudyTests.xctest */ = {isa = PBXFileReference; explicitFileType = wrapper.cfbundle; includeInIndex = 0; path = RandomStudyTests.xctest; sourceTree = BUILT_PRODUCTS_DIR; };
		B58D28F52A2D830300947A24 /* RandomStudyTests.swift */ = {isa = PBXFileReference; lastKnownFileType = sourcecode.swift; path = RandomStudyTests.swift; sourceTree = "<group>"; };
		B58D28FB2A2D830300947A24 /* RandomStudyUITests.xctest */ = {isa = PBXFileReference; explicitFileType = wrapper.cfbundle; includeInIndex = 0; path = RandomStudyUITests.xctest; sourceTree = BUILT_PRODUCTS_DIR; };
		B58D28FF2A2D830300947A24 /* RandomStudyUITests.swift */ = {isa = PBXFileReference; lastKnownFileType = sourcecode.swift; path = RandomStudyUITests.swift; sourceTree = "<group>"; };
		B58D29012A2D830300947A24 /* RandomStudyUITestsLaunchTests.swift */ = {isa = PBXFileReference; lastKnownFileType = sourcecode.swift; path = RandomStudyUITestsLaunchTests.swift; sourceTree = "<group>"; };
		B59B658E2ADB3006008A60F1 /* HistoryViewController.swift */ = {isa = PBXFileReference; lastKnownFileType = sourcecode.swift; path = HistoryViewController.swift; sourceTree = "<group>"; };
		B59B65902ADB3483008A60F1 /* HistoryTableViewCell.swift */ = {isa = PBXFileReference; lastKnownFileType = sourcecode.swift; path = HistoryTableViewCell.swift; sourceTree = "<group>"; };
		B5B7EB952AA4FCA0006944A8 /* AddViewController.swift */ = {isa = PBXFileReference; lastKnownFileType = sourcecode.swift; path = AddViewController.swift; sourceTree = "<group>"; };
		B5BA4B4D2AC1AC9E004D7BF9 /* AddViewModel.swift */ = {isa = PBXFileReference; lastKnownFileType = sourcecode.swift; path = AddViewModel.swift; sourceTree = "<group>"; };
		B5C126842AB3660400DBF902 /* TodayTableViewCell.swift */ = {isa = PBXFileReference; lastKnownFileType = sourcecode.swift; path = TodayTableViewCell.swift; sourceTree = "<group>"; };
		B5C126862AB4180800DBF902 /* TableViewExtensions.swift */ = {isa = PBXFileReference; lastKnownFileType = sourcecode.swift; path = TableViewExtensions.swift; sourceTree = "<group>"; };
		B5CC3B1C2AB141E700D9FA24 /* DataModel.swift */ = {isa = PBXFileReference; lastKnownFileType = sourcecode.swift; path = DataModel.swift; sourceTree = "<group>"; };
		B5CC3B272AB2079000D9FA24 /* SettingViewController.swift */ = {isa = PBXFileReference; lastKnownFileType = sourcecode.swift; path = SettingViewController.swift; sourceTree = "<group>"; };
		B5CC3B2A2AB207E500D9FA24 /* SwitchTableViewCell.swift */ = {isa = PBXFileReference; lastKnownFileType = sourcecode.swift; path = SwitchTableViewCell.swift; sourceTree = "<group>"; };
		B5CC3B2C2AB2080300D9FA24 /* SettingTableViewCell.swift */ = {isa = PBXFileReference; lastKnownFileType = sourcecode.swift; path = SettingTableViewCell.swift; sourceTree = "<group>"; };
/* End PBXFileReference section */

/* Begin PBXFrameworksBuildPhase section */
		B58D28D82A2D830100947A24 /* Frameworks */ = {
			isa = PBXFrameworksBuildPhase;
			buildActionMask = 2147483647;
			files = (
				2377C06B7AE0FF4CF3A9305C /* Pods_RandomStudy.framework in Frameworks */,
			);
			runOnlyForDeploymentPostprocessing = 0;
		};
		B58D28EE2A2D830300947A24 /* Frameworks */ = {
			isa = PBXFrameworksBuildPhase;
			buildActionMask = 2147483647;
			files = (
				513F9CADF12505788DC432AB /* Pods_RandomStudyTests.framework in Frameworks */,
			);
			runOnlyForDeploymentPostprocessing = 0;
		};
		B58D28F82A2D830300947A24 /* Frameworks */ = {
			isa = PBXFrameworksBuildPhase;
			buildActionMask = 2147483647;
			files = (
				96132F9CE00E6573F3E178E6 /* Pods_RandomStudy_RandomStudyUITests.framework in Frameworks */,
			);
			runOnlyForDeploymentPostprocessing = 0;
		};
/* End PBXFrameworksBuildPhase section */

/* Begin PBXGroup section */
		095DBAC90FF0889646DEC11F /* Pods */ = {
			isa = PBXGroup;
			children = (
				6FB8FEED1190CE5C3A1400D2 /* Pods-RandomStudy.debug.xcconfig */,
				4408531D9FEB926F2697DDA5 /* Pods-RandomStudy.release.xcconfig */,
				A2C86832494A7A42012FCEE3 /* Pods-RandomStudy-RandomStudyUITests.debug.xcconfig */,
				53EACFEEFC562445A64CB8AA /* Pods-RandomStudy-RandomStudyUITests.release.xcconfig */,
				839648DEB82B2A9924B21F46 /* Pods-RandomStudyTests.debug.xcconfig */,
				029CD4FF570328AD23323F99 /* Pods-RandomStudyTests.release.xcconfig */,
			);
			path = Pods;
			sourceTree = "<group>";
		};
		AECD81F2141ABF3146F6B2B1 /* Frameworks */ = {
			isa = PBXGroup;
			children = (
				778C3D6B33E71B19EA45A1DD /* Pods_RandomStudy.framework */,
				5736CE7A6A817FFF3298E51D /* Pods_RandomStudy_RandomStudyUITests.framework */,
				A6B0D95428544FAE132975CB /* Pods_RandomStudyTests.framework */,
			);
			name = Frameworks;
			sourceTree = "<group>";
		};
		B53529212AD63EC000C82383 /* Files */ = {
			isa = PBXGroup;
			children = (
				B53529222AD63ED700C82383 /* check.json */,
			);
			path = Files;
			sourceTree = "<group>";
		};
		B58D28D22A2D830100947A24 = {
			isa = PBXGroup;
			children = (
				B58D28DD2A2D830100947A24 /* RandomStudy */,
				B58D28F42A2D830300947A24 /* RandomStudyTests */,
				B58D28FE2A2D830300947A24 /* RandomStudyUITests */,
				B58D28DC2A2D830100947A24 /* Products */,
				095DBAC90FF0889646DEC11F /* Pods */,
				AECD81F2141ABF3146F6B2B1 /* Frameworks */,
			);
			sourceTree = "<group>";
		};
		B58D28DC2A2D830100947A24 /* Products */ = {
			isa = PBXGroup;
			children = (
				B58D28DB2A2D830100947A24 /* RandomStudy.app */,
				B58D28F12A2D830300947A24 /* RandomStudyTests.xctest */,
				B58D28FB2A2D830300947A24 /* RandomStudyUITests.xctest */,
			);
			name = Products;
			sourceTree = "<group>";
		};
		B58D28DD2A2D830100947A24 /* RandomStudy */ = {
			isa = PBXGroup;
			children = (
				B53529212AD63EC000C82383 /* Files */,
				B5D58FB72AC50EB200515CED /* Delegates */,
				B5CB35C32AC1282C003FB08D /* Controllers */,
				B5CB35C22AC1281C003FB08D /* Models */,
				B5CB35C12AC12812003FB08D /* ViewModels */,
				B5CC3B292AB207C100D9FA24 /* Cells */,
				B5C126862AB4180800DBF902 /* TableViewExtensions.swift */,
				B58D28DE2A2D830100947A24 /* AppDelegate.swift */,
				B58D28E02A2D830100947A24 /* SceneDelegate.swift */,
				B58D28E72A2D830200947A24 /* Assets.xcassets */,
				B58D28E92A2D830200947A24 /* LaunchScreen.storyboard */,
				B58D28EC2A2D830200947A24 /* Info.plist */,
			);
			path = RandomStudy;
			sourceTree = "<group>";
		};
		B58D28F42A2D830300947A24 /* RandomStudyTests */ = {
			isa = PBXGroup;
			children = (
				B58D28F52A2D830300947A24 /* RandomStudyTests.swift */,
			);
			path = RandomStudyTests;
			sourceTree = "<group>";
		};
		B58D28FE2A2D830300947A24 /* RandomStudyUITests */ = {
			isa = PBXGroup;
			children = (
				B58D28FF2A2D830300947A24 /* RandomStudyUITests.swift */,
				B58D29012A2D830300947A24 /* RandomStudyUITestsLaunchTests.swift */,
			);
			path = RandomStudyUITests;
			sourceTree = "<group>";
		};
		B5CB35C12AC12812003FB08D /* ViewModels */ = {
			isa = PBXGroup;
			children = (
				B5BA4B4D2AC1AC9E004D7BF9 /* AddViewModel.swift */,
				B58BE0102AD607970039D232 /* TodayViewModel.swift */,
			);
			path = ViewModels;
			sourceTree = "<group>";
		};
		B5CB35C22AC1281C003FB08D /* Models */ = {
			isa = PBXGroup;
			children = (
				B5CC3B1C2AB141E700D9FA24 /* DataModel.swift */,
			);
			path = Models;
			sourceTree = "<group>";
		};
		B5CB35C32AC1282C003FB08D /* Controllers */ = {
			isa = PBXGroup;
			children = (
				B58D28E22A2D830100947A24 /* TodayViewController.swift */,
				B5CC3B272AB2079000D9FA24 /* SettingViewController.swift */,
				B5B7EB952AA4FCA0006944A8 /* AddViewController.swift */,
				B59B658E2ADB3006008A60F1 /* HistoryViewController.swift */,
			);
			path = Controllers;
			sourceTree = "<group>";
		};
		B5CC3B292AB207C100D9FA24 /* Cells */ = {
			isa = PBXGroup;
			children = (
				B5CC3B2A2AB207E500D9FA24 /* SwitchTableViewCell.swift */,
				B5CC3B2C2AB2080300D9FA24 /* SettingTableViewCell.swift */,
				B5C126842AB3660400DBF902 /* TodayTableViewCell.swift */,
				B5142D0F2AB5017200C3BB07 /* AddTableViewCell.swift */,
				B59B65902ADB3483008A60F1 /* HistoryTableViewCell.swift */,
			);
			path = Cells;
			sourceTree = "<group>";
		};
		B5D58FB72AC50EB200515CED /* Delegates */ = {
			isa = PBXGroup;
			children = (
			);
			path = Delegates;
			sourceTree = "<group>";
		};
/* End PBXGroup section */

/* Begin PBXNativeTarget section */
		B58D28DA2A2D830100947A24 /* RandomStudy */ = {
			isa = PBXNativeTarget;
			buildConfigurationList = B58D29052A2D830300947A24 /* Build configuration list for PBXNativeTarget "RandomStudy" */;
			buildPhases = (
				205B386BB403CF5B591FAD2B /* [CP] Check Pods Manifest.lock */,
				B58D28D72A2D830100947A24 /* Sources */,
				B58D28D82A2D830100947A24 /* Frameworks */,
				B58D28D92A2D830100947A24 /* Resources */,
				73115CC6098F9C92CBD8C266 /* [CP] Embed Pods Frameworks */,
			);
			buildRules = (
			);
			dependencies = (
			);
			name = RandomStudy;
			productName = RandomStudy;
			productReference = B58D28DB2A2D830100947A24 /* RandomStudy.app */;
			productType = "com.apple.product-type.application";
		};
		B58D28F02A2D830300947A24 /* RandomStudyTests */ = {
			isa = PBXNativeTarget;
			buildConfigurationList = B58D29082A2D830300947A24 /* Build configuration list for PBXNativeTarget "RandomStudyTests" */;
			buildPhases = (
				FB2D91B9C3EFBAD8C07EDF81 /* [CP] Check Pods Manifest.lock */,
				B58D28ED2A2D830300947A24 /* Sources */,
				B58D28EE2A2D830300947A24 /* Frameworks */,
				B58D28EF2A2D830300947A24 /* Resources */,
			);
			buildRules = (
			);
			dependencies = (
				B58D28F32A2D830300947A24 /* PBXTargetDependency */,
			);
			name = RandomStudyTests;
			productName = RandomStudyTests;
			productReference = B58D28F12A2D830300947A24 /* RandomStudyTests.xctest */;
			productType = "com.apple.product-type.bundle.unit-test";
		};
		B58D28FA2A2D830300947A24 /* RandomStudyUITests */ = {
			isa = PBXNativeTarget;
			buildConfigurationList = B58D290B2A2D830300947A24 /* Build configuration list for PBXNativeTarget "RandomStudyUITests" */;
			buildPhases = (
				74E940C946756EBC20C09FB4 /* [CP] Check Pods Manifest.lock */,
				B58D28F72A2D830300947A24 /* Sources */,
				B58D28F82A2D830300947A24 /* Frameworks */,
				B58D28F92A2D830300947A24 /* Resources */,
				F57A11A14025B7E39CAABABB /* [CP] Embed Pods Frameworks */,
			);
			buildRules = (
			);
			dependencies = (
				B58D28FD2A2D830300947A24 /* PBXTargetDependency */,
			);
			name = RandomStudyUITests;
			productName = RandomStudyUITests;
			productReference = B58D28FB2A2D830300947A24 /* RandomStudyUITests.xctest */;
			productType = "com.apple.product-type.bundle.ui-testing";
		};
/* End PBXNativeTarget section */

/* Begin PBXProject section */
		B58D28D32A2D830100947A24 /* Project object */ = {
			isa = PBXProject;
			attributes = {
				BuildIndependentTargetsInParallel = 1;
				LastSwiftUpdateCheck = 1310;
				LastUpgradeCheck = 1310;
				TargetAttributes = {
					B58D28DA2A2D830100947A24 = {
						CreatedOnToolsVersion = 13.1;
					};
					B58D28F02A2D830300947A24 = {
						CreatedOnToolsVersion = 13.1;
						TestTargetID = B58D28DA2A2D830100947A24;
					};
					B58D28FA2A2D830300947A24 = {
						CreatedOnToolsVersion = 13.1;
						TestTargetID = B58D28DA2A2D830100947A24;
					};
				};
			};
			buildConfigurationList = B58D28D62A2D830100947A24 /* Build configuration list for PBXProject "RandomStudy" */;
			compatibilityVersion = "Xcode 13.0";
			developmentRegion = en;
			hasScannedForEncodings = 0;
			knownRegions = (
				en,
				Base,
			);
			mainGroup = B58D28D22A2D830100947A24;
			productRefGroup = B58D28DC2A2D830100947A24 /* Products */;
			projectDirPath = "";
			projectRoot = "";
			targets = (
				B58D28DA2A2D830100947A24 /* RandomStudy */,
				B58D28F02A2D830300947A24 /* RandomStudyTests */,
				B58D28FA2A2D830300947A24 /* RandomStudyUITests */,
			);
		};
/* End PBXProject section */

/* Begin PBXResourcesBuildPhase section */
		B58D28D92A2D830100947A24 /* Resources */ = {
			isa = PBXResourcesBuildPhase;
			buildActionMask = 2147483647;
			files = (
				B53529232AD63ED700C82383 /* check.json in Resources */,
				B58D28EB2A2D830200947A24 /* LaunchScreen.storyboard in Resources */,
				B58D28E82A2D830200947A24 /* Assets.xcassets in Resources */,
			);
			runOnlyForDeploymentPostprocessing = 0;
		};
		B58D28EF2A2D830300947A24 /* Resources */ = {
			isa = PBXResourcesBuildPhase;
			buildActionMask = 2147483647;
			files = (
			);
			runOnlyForDeploymentPostprocessing = 0;
		};
		B58D28F92A2D830300947A24 /* Resources */ = {
			isa = PBXResourcesBuildPhase;
			buildActionMask = 2147483647;
			files = (
			);
			runOnlyForDeploymentPostprocessing = 0;
		};
/* End PBXResourcesBuildPhase section */

/* Begin PBXShellScriptBuildPhase section */
		205B386BB403CF5B591FAD2B /* [CP] Check Pods Manifest.lock */ = {
			isa = PBXShellScriptBuildPhase;
			buildActionMask = 2147483647;
			files = (
			);
			inputFileListPaths = (
			);
			inputPaths = (
				"${PODS_PODFILE_DIR_PATH}/Podfile.lock",
				"${PODS_ROOT}/Manifest.lock",
			);
			name = "[CP] Check Pods Manifest.lock";
			outputFileListPaths = (
			);
			outputPaths = (
				"$(DERIVED_FILE_DIR)/Pods-RandomStudy-checkManifestLockResult.txt",
			);
			runOnlyForDeploymentPostprocessing = 0;
			shellPath = /bin/sh;
			shellScript = "diff \"${PODS_PODFILE_DIR_PATH}/Podfile.lock\" \"${PODS_ROOT}/Manifest.lock\" > /dev/null\nif [ $? != 0 ] ; then\n    # print error to STDERR\n    echo \"error: The sandbox is not in sync with the Podfile.lock. Run 'pod install' or update your CocoaPods installation.\" >&2\n    exit 1\nfi\n# This output is used by Xcode 'outputs' to avoid re-running this script phase.\necho \"SUCCESS\" > \"${SCRIPT_OUTPUT_FILE_0}\"\n";
			showEnvVarsInLog = 0;
		};
		73115CC6098F9C92CBD8C266 /* [CP] Embed Pods Frameworks */ = {
			isa = PBXShellScriptBuildPhase;
			buildActionMask = 2147483647;
			files = (
			);
			inputFileListPaths = (
				"${PODS_ROOT}/Target Support Files/Pods-RandomStudy/Pods-RandomStudy-frameworks-${CONFIGURATION}-input-files.xcfilelist",
			);
			name = "[CP] Embed Pods Frameworks";
			outputFileListPaths = (
				"${PODS_ROOT}/Target Support Files/Pods-RandomStudy/Pods-RandomStudy-frameworks-${CONFIGURATION}-output-files.xcfilelist",
			);
			runOnlyForDeploymentPostprocessing = 0;
			shellPath = /bin/sh;
			shellScript = "\"${PODS_ROOT}/Target Support Files/Pods-RandomStudy/Pods-RandomStudy-frameworks.sh\"\n";
			showEnvVarsInLog = 0;
		};
		74E940C946756EBC20C09FB4 /* [CP] Check Pods Manifest.lock */ = {
			isa = PBXShellScriptBuildPhase;
			buildActionMask = 2147483647;
			files = (
			);
			inputFileListPaths = (
			);
			inputPaths = (
				"${PODS_PODFILE_DIR_PATH}/Podfile.lock",
				"${PODS_ROOT}/Manifest.lock",
			);
			name = "[CP] Check Pods Manifest.lock";
			outputFileListPaths = (
			);
			outputPaths = (
				"$(DERIVED_FILE_DIR)/Pods-RandomStudy-RandomStudyUITests-checkManifestLockResult.txt",
			);
			runOnlyForDeploymentPostprocessing = 0;
			shellPath = /bin/sh;
			shellScript = "diff \"${PODS_PODFILE_DIR_PATH}/Podfile.lock\" \"${PODS_ROOT}/Manifest.lock\" > /dev/null\nif [ $? != 0 ] ; then\n    # print error to STDERR\n    echo \"error: The sandbox is not in sync with the Podfile.lock. Run 'pod install' or update your CocoaPods installation.\" >&2\n    exit 1\nfi\n# This output is used by Xcode 'outputs' to avoid re-running this script phase.\necho \"SUCCESS\" > \"${SCRIPT_OUTPUT_FILE_0}\"\n";
			showEnvVarsInLog = 0;
		};
		F57A11A14025B7E39CAABABB /* [CP] Embed Pods Frameworks */ = {
			isa = PBXShellScriptBuildPhase;
			buildActionMask = 2147483647;
			files = (
			);
			inputFileListPaths = (
				"${PODS_ROOT}/Target Support Files/Pods-RandomStudy-RandomStudyUITests/Pods-RandomStudy-RandomStudyUITests-frameworks-${CONFIGURATION}-input-files.xcfilelist",
			);
			name = "[CP] Embed Pods Frameworks";
			outputFileListPaths = (
				"${PODS_ROOT}/Target Support Files/Pods-RandomStudy-RandomStudyUITests/Pods-RandomStudy-RandomStudyUITests-frameworks-${CONFIGURATION}-output-files.xcfilelist",
			);
			runOnlyForDeploymentPostprocessing = 0;
			shellPath = /bin/sh;
			shellScript = "\"${PODS_ROOT}/Target Support Files/Pods-RandomStudy-RandomStudyUITests/Pods-RandomStudy-RandomStudyUITests-frameworks.sh\"\n";
			showEnvVarsInLog = 0;
		};
		FB2D91B9C3EFBAD8C07EDF81 /* [CP] Check Pods Manifest.lock */ = {
			isa = PBXShellScriptBuildPhase;
			buildActionMask = 2147483647;
			files = (
			);
			inputFileListPaths = (
			);
			inputPaths = (
				"${PODS_PODFILE_DIR_PATH}/Podfile.lock",
				"${PODS_ROOT}/Manifest.lock",
			);
			name = "[CP] Check Pods Manifest.lock";
			outputFileListPaths = (
			);
			outputPaths = (
				"$(DERIVED_FILE_DIR)/Pods-RandomStudyTests-checkManifestLockResult.txt",
			);
			runOnlyForDeploymentPostprocessing = 0;
			shellPath = /bin/sh;
			shellScript = "diff \"${PODS_PODFILE_DIR_PATH}/Podfile.lock\" \"${PODS_ROOT}/Manifest.lock\" > /dev/null\nif [ $? != 0 ] ; then\n    # print error to STDERR\n    echo \"error: The sandbox is not in sync with the Podfile.lock. Run 'pod install' or update your CocoaPods installation.\" >&2\n    exit 1\nfi\n# This output is used by Xcode 'outputs' to avoid re-running this script phase.\necho \"SUCCESS\" > \"${SCRIPT_OUTPUT_FILE_0}\"\n";
			showEnvVarsInLog = 0;
		};
/* End PBXShellScriptBuildPhase section */

/* Begin PBXSourcesBuildPhase section */
		B58D28D72A2D830100947A24 /* Sources */ = {
			isa = PBXSourcesBuildPhase;
			buildActionMask = 2147483647;
			files = (
				B58D28E32A2D830100947A24 /* TodayViewController.swift in Sources */,
				B5142D102AB5017200C3BB07 /* AddTableViewCell.swift in Sources */,
				B5C126872AB4180800DBF902 /* TableViewExtensions.swift in Sources */,
				B58BE0112AD607970039D232 /* TodayViewModel.swift in Sources */,
				B58D28DF2A2D830100947A24 /* AppDelegate.swift in Sources */,
				B59B658F2ADB3006008A60F1 /* HistoryViewController.swift in Sources */,
				B5CC3B2B2AB207E500D9FA24 /* SwitchTableViewCell.swift in Sources */,
				B5CC3B1D2AB141E700D9FA24 /* DataModel.swift in Sources */,
				B5C126852AB3660400DBF902 /* TodayTableViewCell.swift in Sources */,
				B5B7EB962AA4FCA0006944A8 /* AddViewController.swift in Sources */,
				B5BA4B4E2AC1AC9E004D7BF9 /* AddViewModel.swift in Sources */,
				B58D28E12A2D830100947A24 /* SceneDelegate.swift in Sources */,
				B59B65912ADB3483008A60F1 /* HistoryTableViewCell.swift in Sources */,
				B5CC3B2D2AB2080300D9FA24 /* SettingTableViewCell.swift in Sources */,
				B5CC3B282AB2079000D9FA24 /* SettingViewController.swift in Sources */,
			);
			runOnlyForDeploymentPostprocessing = 0;
		};
		B58D28ED2A2D830300947A24 /* Sources */ = {
			isa = PBXSourcesBuildPhase;
			buildActionMask = 2147483647;
			files = (
				B58D28F62A2D830300947A24 /* RandomStudyTests.swift in Sources */,
			);
			runOnlyForDeploymentPostprocessing = 0;
		};
		B58D28F72A2D830300947A24 /* Sources */ = {
			isa = PBXSourcesBuildPhase;
			buildActionMask = 2147483647;
			files = (
				B58D29002A2D830300947A24 /* RandomStudyUITests.swift in Sources */,
				B58D29022A2D830300947A24 /* RandomStudyUITestsLaunchTests.swift in Sources */,
			);
			runOnlyForDeploymentPostprocessing = 0;
		};
/* End PBXSourcesBuildPhase section */

/* Begin PBXTargetDependency section */
		B58D28F32A2D830300947A24 /* PBXTargetDependency */ = {
			isa = PBXTargetDependency;
			target = B58D28DA2A2D830100947A24 /* RandomStudy */;
			targetProxy = B58D28F22A2D830300947A24 /* PBXContainerItemProxy */;
		};
		B58D28FD2A2D830300947A24 /* PBXTargetDependency */ = {
			isa = PBXTargetDependency;
			target = B58D28DA2A2D830100947A24 /* RandomStudy */;
			targetProxy = B58D28FC2A2D830300947A24 /* PBXContainerItemProxy */;
		};
/* End PBXTargetDependency section */

/* Begin PBXVariantGroup section */
		B58D28E92A2D830200947A24 /* LaunchScreen.storyboard */ = {
			isa = PBXVariantGroup;
			children = (
				B58D28EA2A2D830200947A24 /* Base */,
			);
			name = LaunchScreen.storyboard;
			sourceTree = "<group>";
		};
/* End PBXVariantGroup section */

/* Begin XCBuildConfiguration section */
		B58D29032A2D830300947A24 /* Debug */ = {
			isa = XCBuildConfiguration;
			buildSettings = {
				ALWAYS_SEARCH_USER_PATHS = NO;
				CLANG_ANALYZER_NONNULL = YES;
				CLANG_ANALYZER_NUMBER_OBJECT_CONVERSION = YES_AGGRESSIVE;
				CLANG_CXX_LANGUAGE_STANDARD = "gnu++17";
				CLANG_CXX_LIBRARY = "libc++";
				CLANG_ENABLE_MODULES = YES;
				CLANG_ENABLE_OBJC_ARC = YES;
				CLANG_ENABLE_OBJC_WEAK = YES;
				CLANG_WARN_BLOCK_CAPTURE_AUTORELEASING = YES;
				CLANG_WARN_BOOL_CONVERSION = YES;
				CLANG_WARN_COMMA = YES;
				CLANG_WARN_CONSTANT_CONVERSION = YES;
				CLANG_WARN_DEPRECATED_OBJC_IMPLEMENTATIONS = YES;
				CLANG_WARN_DIRECT_OBJC_ISA_USAGE = YES_ERROR;
				CLANG_WARN_DOCUMENTATION_COMMENTS = YES;
				CLANG_WARN_EMPTY_BODY = YES;
				CLANG_WARN_ENUM_CONVERSION = YES;
				CLANG_WARN_INFINITE_RECURSION = YES;
				CLANG_WARN_INT_CONVERSION = YES;
				CLANG_WARN_NON_LITERAL_NULL_CONVERSION = YES;
				CLANG_WARN_OBJC_IMPLICIT_RETAIN_SELF = YES;
				CLANG_WARN_OBJC_LITERAL_CONVERSION = YES;
				CLANG_WARN_OBJC_ROOT_CLASS = YES_ERROR;
				CLANG_WARN_QUOTED_INCLUDE_IN_FRAMEWORK_HEADER = YES;
				CLANG_WARN_RANGE_LOOP_ANALYSIS = YES;
				CLANG_WARN_STRICT_PROTOTYPES = YES;
				CLANG_WARN_SUSPICIOUS_MOVE = YES;
				CLANG_WARN_UNGUARDED_AVAILABILITY = YES_AGGRESSIVE;
				CLANG_WARN_UNREACHABLE_CODE = YES;
				CLANG_WARN__DUPLICATE_METHOD_MATCH = YES;
				COPY_PHASE_STRIP = NO;
				DEBUG_INFORMATION_FORMAT = dwarf;
				ENABLE_STRICT_OBJC_MSGSEND = YES;
				ENABLE_TESTABILITY = YES;
				GCC_C_LANGUAGE_STANDARD = gnu11;
				GCC_DYNAMIC_NO_PIC = NO;
				GCC_NO_COMMON_BLOCKS = YES;
				GCC_OPTIMIZATION_LEVEL = 0;
				GCC_PREPROCESSOR_DEFINITIONS = (
					"DEBUG=1",
					"$(inherited)",
				);
				GCC_WARN_64_TO_32_BIT_CONVERSION = YES;
				GCC_WARN_ABOUT_RETURN_TYPE = YES_ERROR;
				GCC_WARN_UNDECLARED_SELECTOR = YES;
				GCC_WARN_UNINITIALIZED_AUTOS = YES_AGGRESSIVE;
				GCC_WARN_UNUSED_FUNCTION = YES;
				GCC_WARN_UNUSED_VARIABLE = YES;
				IPHONEOS_DEPLOYMENT_TARGET = 15.0;
				MTL_ENABLE_DEBUG_INFO = INCLUDE_SOURCE;
				MTL_FAST_MATH = YES;
				ONLY_ACTIVE_ARCH = YES;
				SDKROOT = iphoneos;
				SWIFT_ACTIVE_COMPILATION_CONDITIONS = DEBUG;
				SWIFT_OPTIMIZATION_LEVEL = "-Onone";
			};
			name = Debug;
		};
		B58D29042A2D830300947A24 /* Release */ = {
			isa = XCBuildConfiguration;
			buildSettings = {
				ALWAYS_SEARCH_USER_PATHS = NO;
				CLANG_ANALYZER_NONNULL = YES;
				CLANG_ANALYZER_NUMBER_OBJECT_CONVERSION = YES_AGGRESSIVE;
				CLANG_CXX_LANGUAGE_STANDARD = "gnu++17";
				CLANG_CXX_LIBRARY = "libc++";
				CLANG_ENABLE_MODULES = YES;
				CLANG_ENABLE_OBJC_ARC = YES;
				CLANG_ENABLE_OBJC_WEAK = YES;
				CLANG_WARN_BLOCK_CAPTURE_AUTORELEASING = YES;
				CLANG_WARN_BOOL_CONVERSION = YES;
				CLANG_WARN_COMMA = YES;
				CLANG_WARN_CONSTANT_CONVERSION = YES;
				CLANG_WARN_DEPRECATED_OBJC_IMPLEMENTATIONS = YES;
				CLANG_WARN_DIRECT_OBJC_ISA_USAGE = YES_ERROR;
				CLANG_WARN_DOCUMENTATION_COMMENTS = YES;
				CLANG_WARN_EMPTY_BODY = YES;
				CLANG_WARN_ENUM_CONVERSION = YES;
				CLANG_WARN_INFINITE_RECURSION = YES;
				CLANG_WARN_INT_CONVERSION = YES;
				CLANG_WARN_NON_LITERAL_NULL_CONVERSION = YES;
				CLANG_WARN_OBJC_IMPLICIT_RETAIN_SELF = YES;
				CLANG_WARN_OBJC_LITERAL_CONVERSION = YES;
				CLANG_WARN_OBJC_ROOT_CLASS = YES_ERROR;
				CLANG_WARN_QUOTED_INCLUDE_IN_FRAMEWORK_HEADER = YES;
				CLANG_WARN_RANGE_LOOP_ANALYSIS = YES;
				CLANG_WARN_STRICT_PROTOTYPES = YES;
				CLANG_WARN_SUSPICIOUS_MOVE = YES;
				CLANG_WARN_UNGUARDED_AVAILABILITY = YES_AGGRESSIVE;
				CLANG_WARN_UNREACHABLE_CODE = YES;
				CLANG_WARN__DUPLICATE_METHOD_MATCH = YES;
				COPY_PHASE_STRIP = NO;
				DEBUG_INFORMATION_FORMAT = "dwarf-with-dsym";
				ENABLE_NS_ASSERTIONS = NO;
				ENABLE_STRICT_OBJC_MSGSEND = YES;
				GCC_C_LANGUAGE_STANDARD = gnu11;
				GCC_NO_COMMON_BLOCKS = YES;
				GCC_WARN_64_TO_32_BIT_CONVERSION = YES;
				GCC_WARN_ABOUT_RETURN_TYPE = YES_ERROR;
				GCC_WARN_UNDECLARED_SELECTOR = YES;
				GCC_WARN_UNINITIALIZED_AUTOS = YES_AGGRESSIVE;
				GCC_WARN_UNUSED_FUNCTION = YES;
				GCC_WARN_UNUSED_VARIABLE = YES;
				IPHONEOS_DEPLOYMENT_TARGET = 15.0;
				MTL_ENABLE_DEBUG_INFO = NO;
				MTL_FAST_MATH = YES;
				SDKROOT = iphoneos;
				SWIFT_COMPILATION_MODE = wholemodule;
				SWIFT_OPTIMIZATION_LEVEL = "-O";
				VALIDATE_PRODUCT = YES;
			};
			name = Release;
		};
		B58D29062A2D830300947A24 /* Debug */ = {
			isa = XCBuildConfiguration;
			baseConfigurationReference = 6FB8FEED1190CE5C3A1400D2 /* Pods-RandomStudy.debug.xcconfig */;
			buildSettings = {
				ASSETCATALOG_COMPILER_APPICON_NAME = AppIcon;
				ASSETCATALOG_COMPILER_GLOBAL_ACCENT_COLOR_NAME = AccentColor;
				CODE_SIGN_STYLE = Automatic;
				CURRENT_PROJECT_VERSION = 1;
				DEVELOPMENT_TEAM = M82N55553U;
				GENERATE_INFOPLIST_FILE = YES;
				INFOPLIST_FILE = RandomStudy/Info.plist;
				INFOPLIST_KEY_UIApplicationSupportsIndirectInputEvents = YES;
				INFOPLIST_KEY_UILaunchStoryboardName = LaunchScreen;
				INFOPLIST_KEY_UISupportedInterfaceOrientations_iPad = "UIInterfaceOrientationPortrait UIInterfaceOrientationPortraitUpsideDown UIInterfaceOrientationLandscapeLeft UIInterfaceOrientationLandscapeRight";
				INFOPLIST_KEY_UISupportedInterfaceOrientations_iPhone = "UIInterfaceOrientationPortrait UIInterfaceOrientationLandscapeLeft UIInterfaceOrientationLandscapeRight";
				LD_RUNPATH_SEARCH_PATHS = (
					"$(inherited)",
					"@executable_path/Frameworks",
				);
				MARKETING_VERSION = 1.0;
				PRODUCT_BUNDLE_IDENTIFIER = minjae.RandomStudy;
				PRODUCT_NAME = "$(TARGET_NAME)";
				SWIFT_EMIT_LOC_STRINGS = YES;
				SWIFT_VERSION = 5.0;
				TARGETED_DEVICE_FAMILY = "1,2";
			};
			name = Debug;
		};
		B58D29072A2D830300947A24 /* Release */ = {
			isa = XCBuildConfiguration;
			baseConfigurationReference = 4408531D9FEB926F2697DDA5 /* Pods-RandomStudy.release.xcconfig */;
			buildSettings = {
				ASSETCATALOG_COMPILER_APPICON_NAME = AppIcon;
				ASSETCATALOG_COMPILER_GLOBAL_ACCENT_COLOR_NAME = AccentColor;
				CODE_SIGN_STYLE = Automatic;
				CURRENT_PROJECT_VERSION = 1;
				DEVELOPMENT_TEAM = M82N55553U;
				GENERATE_INFOPLIST_FILE = YES;
				INFOPLIST_FILE = RandomStudy/Info.plist;
				INFOPLIST_KEY_UIApplicationSupportsIndirectInputEvents = YES;
				INFOPLIST_KEY_UILaunchStoryboardName = LaunchScreen;
				INFOPLIST_KEY_UISupportedInterfaceOrientations_iPad = "UIInterfaceOrientationPortrait UIInterfaceOrientationPortraitUpsideDown UIInterfaceOrientationLandscapeLeft UIInterfaceOrientationLandscapeRight";
				INFOPLIST_KEY_UISupportedInterfaceOrientations_iPhone = "UIInterfaceOrientationPortrait UIInterfaceOrientationLandscapeLeft UIInterfaceOrientationLandscapeRight";
				LD_RUNPATH_SEARCH_PATHS = (
					"$(inherited)",
					"@executable_path/Frameworks",
				);
				MARKETING_VERSION = 1.0;
				PRODUCT_BUNDLE_IDENTIFIER = minjae.RandomStudy;
				PRODUCT_NAME = "$(TARGET_NAME)";
				SWIFT_EMIT_LOC_STRINGS = YES;
				SWIFT_VERSION = 5.0;
				TARGETED_DEVICE_FAMILY = "1,2";
			};
			name = Release;
		};
		B58D29092A2D830300947A24 /* Debug */ = {
			isa = XCBuildConfiguration;
			baseConfigurationReference = 839648DEB82B2A9924B21F46 /* Pods-RandomStudyTests.debug.xcconfig */;
			buildSettings = {
				ALWAYS_EMBED_SWIFT_STANDARD_LIBRARIES = YES;
				BUNDLE_LOADER = "$(TEST_HOST)";
				CODE_SIGN_STYLE = Automatic;
				CURRENT_PROJECT_VERSION = 1;
				DEVELOPMENT_TEAM = M82N55553U;
				GENERATE_INFOPLIST_FILE = YES;
				IPHONEOS_DEPLOYMENT_TARGET = 15.0;
				LD_RUNPATH_SEARCH_PATHS = (
					"$(inherited)",
					"@executable_path/Frameworks",
					"@loader_path/Frameworks",
				);
				MARKETING_VERSION = 1.0;
				PRODUCT_BUNDLE_IDENTIFIER = minjae.RandomStudyTests;
				PRODUCT_NAME = "$(TARGET_NAME)";
				SWIFT_EMIT_LOC_STRINGS = NO;
				SWIFT_VERSION = 5.0;
				TARGETED_DEVICE_FAMILY = "1,2";
				TEST_HOST = "$(BUILT_PRODUCTS_DIR)/RandomStudy.app/RandomStudy";
			};
			name = Debug;
		};
		B58D290A2A2D830300947A24 /* Release */ = {
			isa = XCBuildConfiguration;
			baseConfigurationReference = 029CD4FF570328AD23323F99 /* Pods-RandomStudyTests.release.xcconfig */;
			buildSettings = {
				ALWAYS_EMBED_SWIFT_STANDARD_LIBRARIES = YES;
				BUNDLE_LOADER = "$(TEST_HOST)";
				CODE_SIGN_STYLE = Automatic;
				CURRENT_PROJECT_VERSION = 1;
				DEVELOPMENT_TEAM = M82N55553U;
				GENERATE_INFOPLIST_FILE = YES;
				IPHONEOS_DEPLOYMENT_TARGET = 15.0;
				LD_RUNPATH_SEARCH_PATHS = (
					"$(inherited)",
					"@executable_path/Frameworks",
					"@loader_path/Frameworks",
				);
				MARKETING_VERSION = 1.0;
				PRODUCT_BUNDLE_IDENTIFIER = minjae.RandomStudyTests;
				PRODUCT_NAME = "$(TARGET_NAME)";
				SWIFT_EMIT_LOC_STRINGS = NO;
				SWIFT_VERSION = 5.0;
				TARGETED_DEVICE_FAMILY = "1,2";
				TEST_HOST = "$(BUILT_PRODUCTS_DIR)/RandomStudy.app/RandomStudy";
			};
			name = Release;
		};
		B58D290C2A2D830300947A24 /* Debug */ = {
			isa = XCBuildConfiguration;
			baseConfigurationReference = A2C86832494A7A42012FCEE3 /* Pods-RandomStudy-RandomStudyUITests.debug.xcconfig */;
			buildSettings = {
				ALWAYS_EMBED_SWIFT_STANDARD_LIBRARIES = YES;
				CODE_SIGN_STYLE = Automatic;
				CURRENT_PROJECT_VERSION = 1;
				DEVELOPMENT_TEAM = M82N55553U;
				GENERATE_INFOPLIST_FILE = YES;
				LD_RUNPATH_SEARCH_PATHS = (
					"$(inherited)",
					"@executable_path/Frameworks",
					"@loader_path/Frameworks",
				);
				MARKETING_VERSION = 1.0;
				PRODUCT_BUNDLE_IDENTIFIER = minjae.RandomStudyUITests;
				PRODUCT_NAME = "$(TARGET_NAME)";
				SWIFT_EMIT_LOC_STRINGS = NO;
				SWIFT_VERSION = 5.0;
				TARGETED_DEVICE_FAMILY = "1,2";
				TEST_TARGET_NAME = RandomStudy;
			};
			name = Debug;
		};
		B58D290D2A2D830300947A24 /* Release */ = {
			isa = XCBuildConfiguration;
			baseConfigurationReference = 53EACFEEFC562445A64CB8AA /* Pods-RandomStudy-RandomStudyUITests.release.xcconfig */;
			buildSettings = {
				ALWAYS_EMBED_SWIFT_STANDARD_LIBRARIES = YES;
				CODE_SIGN_STYLE = Automatic;
				CURRENT_PROJECT_VERSION = 1;
				DEVELOPMENT_TEAM = M82N55553U;
				GENERATE_INFOPLIST_FILE = YES;
				LD_RUNPATH_SEARCH_PATHS = (
					"$(inherited)",
					"@executable_path/Frameworks",
					"@loader_path/Frameworks",
				);
				MARKETING_VERSION = 1.0;
				PRODUCT_BUNDLE_IDENTIFIER = minjae.RandomStudyUITests;
				PRODUCT_NAME = "$(TARGET_NAME)";
				SWIFT_EMIT_LOC_STRINGS = NO;
				SWIFT_VERSION = 5.0;
				TARGETED_DEVICE_FAMILY = "1,2";
				TEST_TARGET_NAME = RandomStudy;
			};
			name = Release;
		};
/* End XCBuildConfiguration section */

/* Begin XCConfigurationList section */
		B58D28D62A2D830100947A24 /* Build configuration list for PBXProject "RandomStudy" */ = {
			isa = XCConfigurationList;
			buildConfigurations = (
				B58D29032A2D830300947A24 /* Debug */,
				B58D29042A2D830300947A24 /* Release */,
			);
			defaultConfigurationIsVisible = 0;
			defaultConfigurationName = Release;
		};
		B58D29052A2D830300947A24 /* Build configuration list for PBXNativeTarget "RandomStudy" */ = {
			isa = XCConfigurationList;
			buildConfigurations = (
				B58D29062A2D830300947A24 /* Debug */,
				B58D29072A2D830300947A24 /* Release */,
			);
			defaultConfigurationIsVisible = 0;
			defaultConfigurationName = Release;
		};
		B58D29082A2D830300947A24 /* Build configuration list for PBXNativeTarget "RandomStudyTests" */ = {
			isa = XCConfigurationList;
			buildConfigurations = (
				B58D29092A2D830300947A24 /* Debug */,
				B58D290A2A2D830300947A24 /* Release */,
			);
			defaultConfigurationIsVisible = 0;
			defaultConfigurationName = Release;
		};
		B58D290B2A2D830300947A24 /* Build configuration list for PBXNativeTarget "RandomStudyUITests" */ = {
			isa = XCConfigurationList;
			buildConfigurations = (
				B58D290C2A2D830300947A24 /* Debug */,
				B58D290D2A2D830300947A24 /* Release */,
			);
			defaultConfigurationIsVisible = 0;
			defaultConfigurationName = Release;
		};
/* End XCConfigurationList section */
	};
	rootObject = B58D28D32A2D830100947A24 /* Project object */;
}
